// !$*UTF8*$!
{
	archiveVersion = 1;
	classes = {
	};
	objectVersion = 51;
	objects = {

/* Begin PBXBuildFile section */
		53AC9FA323672E5A2B0F8739 /* Pods_BienestarDigital.framework in Frameworks */ = {isa = PBXBuildFile; fileRef = A5A4041FD167121827D5CD22 /* Pods_BienestarDigital.framework */; };
		5C15249623F0A6250087300D /* StatAppViewController.swift in Sources */ = {isa = PBXBuildFile; fileRef = 5C15249523F0A6250087300D /* StatAppViewController.swift */; };
		5C37C91823DC6C2700A4CF66 /* AppsTableViewTableViewCell.swift in Sources */ = {isa = PBXBuildFile; fileRef = 5C37C91723DC6C2700A4CF66 /* AppsTableViewTableViewCell.swift */; };
		5C37C91B23DC6CE100A4CF66 /* TheApp.swift in Sources */ = {isa = PBXBuildFile; fileRef = 5C37C91A23DC6CE100A4CF66 /* TheApp.swift */; };
		5C98ADE123D393D5000FEEEC /* ProfileController.swift in Sources */ = {isa = PBXBuildFile; fileRef = 5C98ADE023D393D5000FEEEC /* ProfileController.swift */; };
		5C9A1E5323F1DBAC0054559A /* LoginViewController.swift in Sources */ = {isa = PBXBuildFile; fileRef = 5C9A1E5223F1DBAC0054559A /* LoginViewController.swift */; };
		5C9A1E5523F1DBBC0054559A /* RegisterViewController.swift in Sources */ = {isa = PBXBuildFile; fileRef = 5C9A1E5423F1DBBC0054559A /* RegisterViewController.swift */; };
		5C9A1E5923F1DC6D0054559A /* LoginLiterals.swift in Sources */ = {isa = PBXBuildFile; fileRef = 5C9A1E5823F1DC6D0054559A /* LoginLiterals.swift */; };
		5C9E3B4B23E6D40D0012B9F4 /* ApiMagnament.swift in Sources */ = {isa = PBXBuildFile; fileRef = 5C9E3B4A23E6D40D0012B9F4 /* ApiMagnament.swift */; };
		5CAE8C2223FADE5A00E0A55A /* NewRuleViewController.swift in Sources */ = {isa = PBXBuildFile; fileRef = 5CAE8C2123FADE5A00E0A55A /* NewRuleViewController.swift */; };
		5CAE8C2423FAE61900E0A55A /* CollectionCellViewApp.swift in Sources */ = {isa = PBXBuildFile; fileRef = 5CAE8C2323FAE61900E0A55A /* CollectionCellViewApp.swift */; };
		5CAE8C2623FB057500E0A55A /* MenuController.swift in Sources */ = {isa = PBXBuildFile; fileRef = 5CAE8C2523FB057500E0A55A /* MenuController.swift */; };
		5CB2F8E123F3300800105D24 /* FileController.swift in Sources */ = {isa = PBXBuildFile; fileRef = 5CB2F8E023F3300800105D24 /* FileController.swift */; };
		5CB584DE23D0E581008FA9A6 /* AppDelegate.swift in Sources */ = {isa = PBXBuildFile; fileRef = 5CB584DD23D0E581008FA9A6 /* AppDelegate.swift */; };
		5CB584E023D0E581008FA9A6 /* SceneDelegate.swift in Sources */ = {isa = PBXBuildFile; fileRef = 5CB584DF23D0E581008FA9A6 /* SceneDelegate.swift */; };
		5CB584E223D0E581008FA9A6 /* ViewController.swift in Sources */ = {isa = PBXBuildFile; fileRef = 5CB584E123D0E581008FA9A6 /* ViewController.swift */; };
		5CB584E523D0E581008FA9A6 /* Main.storyboard in Resources */ = {isa = PBXBuildFile; fileRef = 5CB584E323D0E581008FA9A6 /* Main.storyboard */; };
		5CB584E723D0E582008FA9A6 /* Assets.xcassets in Resources */ = {isa = PBXBuildFile; fileRef = 5CB584E623D0E582008FA9A6 /* Assets.xcassets */; };
		5CB584EA23D0E582008FA9A6 /* LaunchScreen.storyboard in Resources */ = {isa = PBXBuildFile; fileRef = 5CB584E823D0E582008FA9A6 /* LaunchScreen.storyboard */; };
		5CCA51C323F5A360004EA57D /* Stat.swift in Sources */ = {isa = PBXBuildFile; fileRef = 5CCA51C223F5A360004EA57D /* Stat.swift */; };
		5CCA51C523F5B10D004EA57D /* TableViewStatsCell.swift in Sources */ = {isa = PBXBuildFile; fileRef = 5CCA51C423F5B10D004EA57D /* TableViewStatsCell.swift */; };
/* End PBXBuildFile section */

/* Begin PBXFileReference section */
		21AAF65093D97F553FE931CE /* Pods-BienestarDigital.release.xcconfig */ = {isa = PBXFileReference; includeInIndex = 1; lastKnownFileType = text.xcconfig; name = "Pods-BienestarDigital.release.xcconfig"; path = "Target Support Files/Pods-BienestarDigital/Pods-BienestarDigital.release.xcconfig"; sourceTree = "<group>"; };
		5C15249523F0A6250087300D /* StatAppViewController.swift */ = {isa = PBXFileReference; lastKnownFileType = sourcecode.swift; path = StatAppViewController.swift; sourceTree = "<group>"; };
		5C37C91723DC6C2700A4CF66 /* AppsTableViewTableViewCell.swift */ = {isa = PBXFileReference; lastKnownFileType = sourcecode.swift; path = AppsTableViewTableViewCell.swift; sourceTree = "<group>"; };
		5C37C91A23DC6CE100A4CF66 /* TheApp.swift */ = {isa = PBXFileReference; lastKnownFileType = sourcecode.swift; path = TheApp.swift; sourceTree = "<group>"; };
		5C98ADE023D393D5000FEEEC /* ProfileController.swift */ = {isa = PBXFileReference; lastKnownFileType = sourcecode.swift; path = ProfileController.swift; sourceTree = "<group>"; };
		5C9A1E5223F1DBAC0054559A /* LoginViewController.swift */ = {isa = PBXFileReference; lastKnownFileType = sourcecode.swift; path = LoginViewController.swift; sourceTree = "<group>"; };
		5C9A1E5423F1DBBC0054559A /* RegisterViewController.swift */ = {isa = PBXFileReference; lastKnownFileType = sourcecode.swift; path = RegisterViewController.swift; sourceTree = "<group>"; };
		5C9A1E5823F1DC6D0054559A /* LoginLiterals.swift */ = {isa = PBXFileReference; lastKnownFileType = sourcecode.swift; path = LoginLiterals.swift; sourceTree = "<group>"; };
		5C9E3B4A23E6D40D0012B9F4 /* ApiMagnament.swift */ = {isa = PBXFileReference; lastKnownFileType = sourcecode.swift; path = ApiMagnament.swift; sourceTree = "<group>"; };
		5CAE8C2123FADE5A00E0A55A /* NewRuleViewController.swift */ = {isa = PBXFileReference; lastKnownFileType = sourcecode.swift; path = NewRuleViewController.swift; sourceTree = "<group>"; };
		5CAE8C2323FAE61900E0A55A /* CollectionCellViewApp.swift */ = {isa = PBXFileReference; lastKnownFileType = sourcecode.swift; path = CollectionCellViewApp.swift; sourceTree = "<group>"; };
		5CAE8C2523FB057500E0A55A /* MenuController.swift */ = {isa = PBXFileReference; lastKnownFileType = sourcecode.swift; path = MenuController.swift; sourceTree = "<group>"; };
		5CB2F8E023F3300800105D24 /* FileController.swift */ = {isa = PBXFileReference; lastKnownFileType = sourcecode.swift; path = FileController.swift; sourceTree = "<group>"; };
		5CB584DA23D0E581008FA9A6 /* BienestarDigital.app */ = {isa = PBXFileReference; explicitFileType = wrapper.application; includeInIndex = 0; path = BienestarDigital.app; sourceTree = BUILT_PRODUCTS_DIR; };
		5CB584DD23D0E581008FA9A6 /* AppDelegate.swift */ = {isa = PBXFileReference; lastKnownFileType = sourcecode.swift; path = AppDelegate.swift; sourceTree = "<group>"; };
		5CB584DF23D0E581008FA9A6 /* SceneDelegate.swift */ = {isa = PBXFileReference; lastKnownFileType = sourcecode.swift; path = SceneDelegate.swift; sourceTree = "<group>"; };
		5CB584E123D0E581008FA9A6 /* ViewController.swift */ = {isa = PBXFileReference; lastKnownFileType = sourcecode.swift; path = ViewController.swift; sourceTree = "<group>"; };
		5CB584E423D0E581008FA9A6 /* Base */ = {isa = PBXFileReference; lastKnownFileType = file.storyboard; name = Base; path = Base.lproj/Main.storyboard; sourceTree = "<group>"; };
		5CB584E623D0E582008FA9A6 /* Assets.xcassets */ = {isa = PBXFileReference; lastKnownFileType = folder.assetcatalog; path = Assets.xcassets; sourceTree = "<group>"; };
		5CB584E923D0E582008FA9A6 /* Base */ = {isa = PBXFileReference; lastKnownFileType = file.storyboard; name = Base; path = Base.lproj/LaunchScreen.storyboard; sourceTree = "<group>"; };
		5CB584EB23D0E582008FA9A6 /* Info.plist */ = {isa = PBXFileReference; lastKnownFileType = text.plist.xml; path = Info.plist; sourceTree = "<group>"; };
		5CCA51C223F5A360004EA57D /* Stat.swift */ = {isa = PBXFileReference; lastKnownFileType = sourcecode.swift; path = Stat.swift; sourceTree = "<group>"; };
		5CCA51C423F5B10D004EA57D /* TableViewStatsCell.swift */ = {isa = PBXFileReference; lastKnownFileType = sourcecode.swift; path = TableViewStatsCell.swift; sourceTree = "<group>"; };
		75BE03E4AEEE5EC986FB6595 /* Pods-BienestarDigital.debug.xcconfig */ = {isa = PBXFileReference; includeInIndex = 1; lastKnownFileType = text.xcconfig; name = "Pods-BienestarDigital.debug.xcconfig"; path = "Target Support Files/Pods-BienestarDigital/Pods-BienestarDigital.debug.xcconfig"; sourceTree = "<group>"; };
		A5A4041FD167121827D5CD22 /* Pods_BienestarDigital.framework */ = {isa = PBXFileReference; explicitFileType = wrapper.framework; includeInIndex = 0; path = Pods_BienestarDigital.framework; sourceTree = BUILT_PRODUCTS_DIR; };
/* End PBXFileReference section */

/* Begin PBXFrameworksBuildPhase section */
		5CB584D723D0E581008FA9A6 /* Frameworks */ = {
			isa = PBXFrameworksBuildPhase;
			buildActionMask = 2147483647;
			files = (
				53AC9FA323672E5A2B0F8739 /* Pods_BienestarDigital.framework in Frameworks */,
			);
			runOnlyForDeploymentPostprocessing = 0;
		};
/* End PBXFrameworksBuildPhase section */

/* Begin PBXGroup section */
		30CCA511B0C9EDBD3BBA4FB3 /* Pods */ = {
			isa = PBXGroup;
			children = (
				75BE03E4AEEE5EC986FB6595 /* Pods-BienestarDigital.debug.xcconfig */,
				21AAF65093D97F553FE931CE /* Pods-BienestarDigital.release.xcconfig */,
			);
			path = Pods;
			sourceTree = "<group>";
		};
		5C15249423F0A5DB0087300D /* ViewControllers */ = {
			isa = PBXGroup;
			children = (
				5CB584E123D0E581008FA9A6 /* ViewController.swift */,
				5C98ADE023D393D5000FEEEC /* ProfileController.swift */,
				5C15249523F0A6250087300D /* StatAppViewController.swift */,
				5C9A1E5223F1DBAC0054559A /* LoginViewController.swift */,
				5C9A1E5423F1DBBC0054559A /* RegisterViewController.swift */,
				5CAE8C2123FADE5A00E0A55A /* NewRuleViewController.swift */,
			);
			path = ViewControllers;
			sourceTree = "<group>";
		};
		5C37C91923DC6CC900A4CF66 /* Model */ = {
			isa = PBXGroup;
			children = (
				5C37C91A23DC6CE100A4CF66 /* TheApp.swift */,
				5CCA51C223F5A360004EA57D /* Stat.swift */,
			);
			path = Model;
			sourceTree = "<group>";
		};
		5C9A1E5723F1DC4C0054559A /* Literals */ = {
			isa = PBXGroup;
			children = (
				5C9A1E5823F1DC6D0054559A /* LoginLiterals.swift */,
			);
			path = Literals;
			sourceTree = "<group>";
		};
		5C9E3B4923E6D2280012B9F4 /* Networking */ = {
			isa = PBXGroup;
			children = (
				5C9E3B4A23E6D40D0012B9F4 /* ApiMagnament.swift */,
			);
			path = Networking;
			sourceTree = "<group>";
		};
		5CB2F8DF23F32FF500105D24 /* Helpers */ = {
			isa = PBXGroup;
			children = (
				5CB2F8E023F3300800105D24 /* FileController.swift */,
				5CAE8C2523FB057500E0A55A /* MenuController.swift */,
			);
			path = Helpers;
			sourceTree = "<group>";
		};
		5CB584D123D0E581008FA9A6 = {
			isa = PBXGroup;
			children = (
				5CB584DC23D0E581008FA9A6 /* BienestarDigital */,
				5CB584DB23D0E581008FA9A6 /* Products */,
				30CCA511B0C9EDBD3BBA4FB3 /* Pods */,
				86A60718E4E7E7AF35141CDC /* Frameworks */,
			);
			sourceTree = "<group>";
		};
		5CB584DB23D0E581008FA9A6 /* Products */ = {
			isa = PBXGroup;
			children = (
				5CB584DA23D0E581008FA9A6 /* BienestarDigital.app */,
			);
			name = Products;
			sourceTree = "<group>";
		};
		5CB584DC23D0E581008FA9A6 /* BienestarDigital */ = {
			isa = PBXGroup;
			children = (
				5CB2F8DF23F32FF500105D24 /* Helpers */,
				5C9A1E5723F1DC4C0054559A /* Literals */,
				5C15249423F0A5DB0087300D /* ViewControllers */,
				5C9E3B4923E6D2280012B9F4 /* Networking */,
				5C37C91923DC6CC900A4CF66 /* Model */,
				5CB584DD23D0E581008FA9A6 /* AppDelegate.swift */,
				5CAE8C2323FAE61900E0A55A /* CollectionCellViewApp.swift */,
				5CB584DF23D0E581008FA9A6 /* SceneDelegate.swift */,
				5CB584E323D0E581008FA9A6 /* Main.storyboard */,
				5C37C91723DC6C2700A4CF66 /* AppsTableViewTableViewCell.swift */,
				5CCA51C423F5B10D004EA57D /* TableViewStatsCell.swift */,
				5CB584E623D0E582008FA9A6 /* Assets.xcassets */,
				5CB584E823D0E582008FA9A6 /* LaunchScreen.storyboard */,
				5CB584EB23D0E582008FA9A6 /* Info.plist */,
			);
			path = BienestarDigital;
			sourceTree = "<group>";
		};
		86A60718E4E7E7AF35141CDC /* Frameworks */ = {
			isa = PBXGroup;
			children = (
				A5A4041FD167121827D5CD22 /* Pods_BienestarDigital.framework */,
			);
			name = Frameworks;
			sourceTree = "<group>";
		};
/* End PBXGroup section */

/* Begin PBXNativeTarget section */
		5CB584D923D0E581008FA9A6 /* BienestarDigital */ = {
			isa = PBXNativeTarget;
			buildConfigurationList = 5CB584EE23D0E582008FA9A6 /* Build configuration list for PBXNativeTarget "BienestarDigital" */;
			buildPhases = (
				875B30CD8AACE0D993FDCCAD /* [CP] Check Pods Manifest.lock */,
				5CB584D623D0E581008FA9A6 /* Sources */,
				5CB584D723D0E581008FA9A6 /* Frameworks */,
				5CB584D823D0E581008FA9A6 /* Resources */,
				88CB60E3AA0260BFC1AE2AAE /* [CP] Embed Pods Frameworks */,
			);
			buildRules = (
			);
			dependencies = (
			);
			name = BienestarDigital;
			productName = BienestarDigital;
			productReference = 5CB584DA23D0E581008FA9A6 /* BienestarDigital.app */;
			productType = "com.apple.product-type.application";
		};
/* End PBXNativeTarget section */

/* Begin PBXProject section */
		5CB584D223D0E581008FA9A6 /* Project object */ = {
			isa = PBXProject;
			attributes = {
				LastSwiftUpdateCheck = 1120;
				LastUpgradeCheck = 1120;
				ORGANIZATIONNAME = Loren;
				TargetAttributes = {
					5CB584D923D0E581008FA9A6 = {
						CreatedOnToolsVersion = 11.2.1;
					};
				};
			};
			buildConfigurationList = 5CB584D523D0E581008FA9A6 /* Build configuration list for PBXProject "BienestarDigital" */;
			compatibilityVersion = "Xcode 9.3";
			developmentRegion = en;
			hasScannedForEncodings = 0;
			knownRegions = (
				en,
				Base,
			);
			mainGroup = 5CB584D123D0E581008FA9A6;
			productRefGroup = 5CB584DB23D0E581008FA9A6 /* Products */;
			projectDirPath = "";
			projectRoot = "";
			targets = (
				5CB584D923D0E581008FA9A6 /* BienestarDigital */,
			);
		};
/* End PBXProject section */

/* Begin PBXResourcesBuildPhase section */
		5CB584D823D0E581008FA9A6 /* Resources */ = {
			isa = PBXResourcesBuildPhase;
			buildActionMask = 2147483647;
			files = (
				5CB584EA23D0E582008FA9A6 /* LaunchScreen.storyboard in Resources */,
				5CB584E723D0E582008FA9A6 /* Assets.xcassets in Resources */,
				5CB584E523D0E581008FA9A6 /* Main.storyboard in Resources */,
			);
			runOnlyForDeploymentPostprocessing = 0;
		};
/* End PBXResourcesBuildPhase section */

/* Begin PBXShellScriptBuildPhase section */
		875B30CD8AACE0D993FDCCAD /* [CP] Check Pods Manifest.lock */ = {
			isa = PBXShellScriptBuildPhase;
			buildActionMask = 2147483647;
			files = (
			);
			inputFileListPaths = (
			);
			inputPaths = (
				"${PODS_PODFILE_DIR_PATH}/Podfile.lock",
				"${PODS_ROOT}/Manifest.lock",
			);
			name = "[CP] Check Pods Manifest.lock";
			outputFileListPaths = (
			);
			outputPaths = (
				"$(DERIVED_FILE_DIR)/Pods-BienestarDigital-checkManifestLockResult.txt",
			);
			runOnlyForDeploymentPostprocessing = 0;
			shellPath = /bin/sh;
			shellScript = "diff \"${PODS_PODFILE_DIR_PATH}/Podfile.lock\" \"${PODS_ROOT}/Manifest.lock\" > /dev/null\nif [ $? != 0 ] ; then\n    # print error to STDERR\n    echo \"error: The sandbox is not in sync with the Podfile.lock. Run 'pod install' or update your CocoaPods installation.\" >&2\n    exit 1\nfi\n# This output is used by Xcode 'outputs' to avoid re-running this script phase.\necho \"SUCCESS\" > \"${SCRIPT_OUTPUT_FILE_0}\"\n";
			showEnvVarsInLog = 0;
		};
		88CB60E3AA0260BFC1AE2AAE /* [CP] Embed Pods Frameworks */ = {
			isa = PBXShellScriptBuildPhase;
			buildActionMask = 2147483647;
			files = (
			);
			inputFileListPaths = (
				"${PODS_ROOT}/Target Support Files/Pods-BienestarDigital/Pods-BienestarDigital-frameworks-${CONFIGURATION}-input-files.xcfilelist",
			);
			name = "[CP] Embed Pods Frameworks";
			outputFileListPaths = (
				"${PODS_ROOT}/Target Support Files/Pods-BienestarDigital/Pods-BienestarDigital-frameworks-${CONFIGURATION}-output-files.xcfilelist",
			);
			runOnlyForDeploymentPostprocessing = 0;
			shellPath = /bin/sh;
			shellScript = "\"${PODS_ROOT}/Target Support Files/Pods-BienestarDigital/Pods-BienestarDigital-frameworks.sh\"\n";
			showEnvVarsInLog = 0;
		};
/* End PBXShellScriptBuildPhase section */

/* Begin PBXSourcesBuildPhase section */
		5CB584D623D0E581008FA9A6 /* Sources */ = {
			isa = PBXSourcesBuildPhase;
			buildActionMask = 2147483647;
			files = (
				5CCA51C323F5A360004EA57D /* Stat.swift in Sources */,
				5CAE8C2623FB057500E0A55A /* MenuController.swift in Sources */,
				5C9A1E5323F1DBAC0054559A /* LoginViewController.swift in Sources */,
				5C9A1E5523F1DBBC0054559A /* RegisterViewController.swift in Sources */,
				5CB584E223D0E581008FA9A6 /* ViewController.swift in Sources */,
				5CB2F8E123F3300800105D24 /* FileController.swift in Sources */,
				5CCA51C523F5B10D004EA57D /* TableViewStatsCell.swift in Sources */,
				5CB584DE23D0E581008FA9A6 /* AppDelegate.swift in Sources */,
				5C15249623F0A6250087300D /* StatAppViewController.swift in Sources */,
				5C9E3B4B23E6D40D0012B9F4 /* ApiMagnament.swift in Sources */,
				5C37C91823DC6C2700A4CF66 /* AppsTableViewTableViewCell.swift in Sources */,
				5C37C91B23DC6CE100A4CF66 /* TheApp.swift in Sources */,
				5CB584E023D0E581008FA9A6 /* SceneDelegate.swift in Sources */,
				5C98ADE123D393D5000FEEEC /* ProfileController.swift in Sources */,
				5C9A1E5923F1DC6D0054559A /* LoginLiterals.swift in Sources */,
				5CAE8C2223FADE5A00E0A55A /* NewRuleViewController.swift in Sources */,
				5CAE8C2423FAE61900E0A55A /* CollectionCellViewApp.swift in Sources */,
			);
			runOnlyForDeploymentPostprocessing = 0;
		};
/* End PBXSourcesBuildPhase section */

/* Begin PBXVariantGroup section */
		5CB584E323D0E581008FA9A6 /* Main.storyboard */ = {
			isa = PBXVariantGroup;
			children = (
				5CB584E423D0E581008FA9A6 /* Base */,
			);
			name = Main.storyboard;
			sourceTree = "<group>";
		};
		5CB584E823D0E582008FA9A6 /* LaunchScreen.storyboard */ = {
			isa = PBXVariantGroup;
			children = (
				5CB584E923D0E582008FA9A6 /* Base */,
			);
			name = LaunchScreen.storyboard;
			sourceTree = "<group>";
		};
/* End PBXVariantGroup section */

/* Begin XCBuildConfiguration section */
		5CB584EC23D0E582008FA9A6 /* Debug */ = {
			isa = XCBuildConfiguration;
			buildSettings = {
				ALWAYS_SEARCH_USER_PATHS = NO;
				CLANG_ANALYZER_NONNULL = YES;
				CLANG_ANALYZER_NUMBER_OBJECT_CONVERSION = YES_AGGRESSIVE;
				CLANG_CXX_LANGUAGE_STANDARD = "gnu++14";
				CLANG_CXX_LIBRARY = "libc++";
				CLANG_ENABLE_MODULES = YES;
				CLANG_ENABLE_OBJC_ARC = YES;
				CLANG_ENABLE_OBJC_WEAK = YES;
				CLANG_WARN_BLOCK_CAPTURE_AUTORELEASING = YES;
				CLANG_WARN_BOOL_CONVERSION = YES;
				CLANG_WARN_COMMA = YES;
				CLANG_WARN_CONSTANT_CONVERSION = YES;
				CLANG_WARN_DEPRECATED_OBJC_IMPLEMENTATIONS = YES;
				CLANG_WARN_DIRECT_OBJC_ISA_USAGE = YES_ERROR;
				CLANG_WARN_DOCUMENTATION_COMMENTS = YES;
				CLANG_WARN_EMPTY_BODY = YES;
				CLANG_WARN_ENUM_CONVERSION = YES;
				CLANG_WARN_INFINITE_RECURSION = YES;
				CLANG_WARN_INT_CONVERSION = YES;
				CLANG_WARN_NON_LITERAL_NULL_CONVERSION = YES;
				CLANG_WARN_OBJC_IMPLICIT_RETAIN_SELF = YES;
				CLANG_WARN_OBJC_LITERAL_CONVERSION = YES;
				CLANG_WARN_OBJC_ROOT_CLASS = YES_ERROR;
				CLANG_WARN_RANGE_LOOP_ANALYSIS = YES;
				CLANG_WARN_STRICT_PROTOTYPES = YES;
				CLANG_WARN_SUSPICIOUS_MOVE = YES;
				CLANG_WARN_UNGUARDED_AVAILABILITY = YES_AGGRESSIVE;
				CLANG_WARN_UNREACHABLE_CODE = YES;
				CLANG_WARN__DUPLICATE_METHOD_MATCH = YES;
				COPY_PHASE_STRIP = NO;
				DEBUG_INFORMATION_FORMAT = dwarf;
				ENABLE_STRICT_OBJC_MSGSEND = YES;
				ENABLE_TESTABILITY = YES;
				GCC_C_LANGUAGE_STANDARD = gnu11;
				GCC_DYNAMIC_NO_PIC = NO;
				GCC_NO_COMMON_BLOCKS = YES;
				GCC_OPTIMIZATION_LEVEL = 0;
				GCC_PREPROCESSOR_DEFINITIONS = (
					"DEBUG=1",
					"$(inherited)",
				);
				GCC_WARN_64_TO_32_BIT_CONVERSION = YES;
				GCC_WARN_ABOUT_RETURN_TYPE = YES_ERROR;
				GCC_WARN_UNDECLARED_SELECTOR = YES;
				GCC_WARN_UNINITIALIZED_AUTOS = YES_AGGRESSIVE;
				GCC_WARN_UNUSED_FUNCTION = YES;
				GCC_WARN_UNUSED_VARIABLE = YES;
				IPHONEOS_DEPLOYMENT_TARGET = 13.2;
				MTL_ENABLE_DEBUG_INFO = INCLUDE_SOURCE;
				MTL_FAST_MATH = YES;
				ONLY_ACTIVE_ARCH = YES;
				SDKROOT = iphoneos;
				SWIFT_ACTIVE_COMPILATION_CONDITIONS = DEBUG;
				SWIFT_OPTIMIZATION_LEVEL = "-Onone";
			};
			name = Debug;
		};
		5CB584ED23D0E582008FA9A6 /* Release */ = {
			isa = XCBuildConfiguration;
			buildSettings = {
				ALWAYS_SEARCH_USER_PATHS = NO;
				CLANG_ANALYZER_NONNULL = YES;
				CLANG_ANALYZER_NUMBER_OBJECT_CONVERSION = YES_AGGRESSIVE;
				CLANG_CXX_LANGUAGE_STANDARD = "gnu++14";
				CLANG_CXX_LIBRARY = "libc++";
				CLANG_ENABLE_MODULES = YES;
				CLANG_ENABLE_OBJC_ARC = YES;
				CLANG_ENABLE_OBJC_WEAK = YES;
				CLANG_WARN_BLOCK_CAPTURE_AUTORELEASING = YES;
				CLANG_WARN_BOOL_CONVERSION = YES;
				CLANG_WARN_COMMA = YES;
				CLANG_WARN_CONSTANT_CONVERSION = YES;
				CLANG_WARN_DEPRECATED_OBJC_IMPLEMENTATIONS = YES;
				CLANG_WARN_DIRECT_OBJC_ISA_USAGE = YES_ERROR;
				CLANG_WARN_DOCUMENTATION_COMMENTS = YES;
				CLANG_WARN_EMPTY_BODY = YES;
				CLANG_WARN_ENUM_CONVERSION = YES;
				CLANG_WARN_INFINITE_RECURSION = YES;
				CLANG_WARN_INT_CONVERSION = YES;
				CLANG_WARN_NON_LITERAL_NULL_CONVERSION = YES;
				CLANG_WARN_OBJC_IMPLICIT_RETAIN_SELF = YES;
				CLANG_WARN_OBJC_LITERAL_CONVERSION = YES;
				CLANG_WARN_OBJC_ROOT_CLASS = YES_ERROR;
				CLANG_WARN_RANGE_LOOP_ANALYSIS = YES;
				CLANG_WARN_STRICT_PROTOTYPES = YES;
				CLANG_WARN_SUSPICIOUS_MOVE = YES;
				CLANG_WARN_UNGUARDED_AVAILABILITY = YES_AGGRESSIVE;
				CLANG_WARN_UNREACHABLE_CODE = YES;
				CLANG_WARN__DUPLICATE_METHOD_MATCH = YES;
				COPY_PHASE_STRIP = NO;
				DEBUG_INFORMATION_FORMAT = "dwarf-with-dsym";
				ENABLE_NS_ASSERTIONS = NO;
				ENABLE_STRICT_OBJC_MSGSEND = YES;
				GCC_C_LANGUAGE_STANDARD = gnu11;
				GCC_NO_COMMON_BLOCKS = YES;
				GCC_WARN_64_TO_32_BIT_CONVERSION = YES;
				GCC_WARN_ABOUT_RETURN_TYPE = YES_ERROR;
				GCC_WARN_UNDECLARED_SELECTOR = YES;
				GCC_WARN_UNINITIALIZED_AUTOS = YES_AGGRESSIVE;
				GCC_WARN_UNUSED_FUNCTION = YES;
				GCC_WARN_UNUSED_VARIABLE = YES;
				IPHONEOS_DEPLOYMENT_TARGET = 13.2;
				MTL_ENABLE_DEBUG_INFO = NO;
				MTL_FAST_MATH = YES;
				SDKROOT = iphoneos;
				SWIFT_COMPILATION_MODE = wholemodule;
				SWIFT_OPTIMIZATION_LEVEL = "-O";
				VALIDATE_PRODUCT = YES;
			};
			name = Release;
		};
		5CB584EF23D0E582008FA9A6 /* Debug */ = {
			isa = XCBuildConfiguration;
			baseConfigurationReference = 75BE03E4AEEE5EC986FB6595 /* Pods-BienestarDigital.debug.xcconfig */;
			buildSettings = {
				ASSETCATALOG_COMPILER_APPICON_NAME = AppIcon;
				CODE_SIGN_STYLE = Automatic;
				INFOPLIST_FILE = BienestarDigital/Info.plist;
				LD_RUNPATH_SEARCH_PATHS = (
					"$(inherited)",
					"@executable_path/Frameworks",
				);
				PRODUCT_BUNDLE_IDENTIFIER = "Lorenzo-Perez.BienestarDigital";
				PRODUCT_NAME = "$(TARGET_NAME)";
				SWIFT_VERSION = 5.0;
				TARGETED_DEVICE_FAMILY = "1,2";
			};
			name = Debug;
		};
		5CB584F023D0E582008FA9A6 /* Release */ = {
			isa = XCBuildConfiguration;
			baseConfigurationReference = 21AAF65093D97F553FE931CE /* Pods-BienestarDigital.release.xcconfig */;
			buildSettings = {
				ASSETCATALOG_COMPILER_APPICON_NAME = AppIcon;
				CODE_SIGN_STYLE = Automatic;
				INFOPLIST_FILE = BienestarDigital/Info.plist;
				LD_RUNPATH_SEARCH_PATHS = (
					"$(inherited)",
					"@executable_path/Frameworks",
				);
				PRODUCT_BUNDLE_IDENTIFIER = "Lorenzo-Perez.BienestarDigital";
				PRODUCT_NAME = "$(TARGET_NAME)";
				SWIFT_VERSION = 5.0;
				TARGETED_DEVICE_FAMILY = "1,2";
			};
			name = Release;
		};
/* End XCBuildConfiguration section */

/* Begin XCConfigurationList section */
		5CB584D523D0E581008FA9A6 /* Build configuration list for PBXProject "BienestarDigital" */ = {
			isa = XCConfigurationList;
			buildConfigurations = (
				5CB584EC23D0E582008FA9A6 /* Debug */,
				5CB584ED23D0E582008FA9A6 /* Release */,
			);
			defaultConfigurationIsVisible = 0;
			defaultConfigurationName = Release;
		};
		5CB584EE23D0E582008FA9A6 /* Build configuration list for PBXNativeTarget "BienestarDigital" */ = {
			isa = XCConfigurationList;
			buildConfigurations = (
				5CB584EF23D0E582008FA9A6 /* Debug */,
				5CB584F023D0E582008FA9A6 /* Release */,
			);
			defaultConfigurationIsVisible = 0;
			defaultConfigurationName = Release;
		};
/* End XCConfigurationList section */
	};
	rootObject = 5CB584D223D0E581008FA9A6 /* Project object */;
}
